
Microsoft Visual Studio Solution File, Format Version 11.00
# Visual Studio 2010
Project("{8BC9CEB8-8B4A-11D0-8D11-00A0C91BC942}") = "zlib", "srclib\zlib\zlib.vcxproj", "{0F8DCF94-305E-4655-AFBD-80FF4CF86316}"
EndProject
Project("{8BC9CEB8-8B4A-11D0-8D11-00A0C91BC942}") = "libpng", "srclib\libpng\libpng.vcxproj", "{FF653B9E-8FF0-4035-8283-88529EA0F0CD}"
EndProject
Project("{8BC9CEB8-8B4A-11D0-8D11-00A0C91BC942}") = "CryptoPP", "srclib\CryptoPP\cryptlib.vcxproj", "{3423EC9A-52E4-4A4D-9753-EDEBC38785EF}"
EndProject
Project("{8BC9CEB8-8B4A-11D0-8D11-00A0C91BC942}") = "ResizableLib", "srclib\ResizableLib\ResizableLib.vcxproj", "{18E0A60D-3346-431A-B24D-304A002E88A4}"
EndProject
Project("{8BC9CEB8-8B4A-11D0-8D11-00A0C91BC942}") = "TinyXML", "srclib\tinyxml\tinyxml.vcxproj", "{B24456BF-555A-4D66-A01D-C8C6EA3243C6}"
EndProject
Project("{8BC9CEB8-8B4A-11D0-8D11-00A0C91BC942}") = "id3lib", "srclib\id3lib\libprj\id3lib.vcxproj", "{4AACBF8D-B90F-41AD-A5BE-D5E557C668E3}"
EndProject
Project("{8BC9CEB8-8B4A-11D0-8D11-00A0C91BC942}") = "CxImage", "srclib\CxImage\cximage.vcxproj", "{B437B84A-B4B0-4389-BF5B-7E25FD9DCF3D}"
	ProjectSection(ProjectDependencies) = postProject
		{B66D88D0-B44F-4B96-AF3C-8F14EFA835D6} = {B66D88D0-B44F-4B96-AF3C-8F14EFA835D6}
	EndProjectSection
EndProject
Project("{8BC9CEB8-8B4A-11D0-8D11-00A0C91BC942}") = "eMule", "srchybrid\emule.vcxproj", "{584EA69D-3443-4197-8994-364880FC1B9B}"
	ProjectSection(ProjectDependencies) = postProject
		{9BE99719-AA32-4463-A011-B61D55F020D6} = {9BE99719-AA32-4463-A011-B61D55F020D6}
		{4AE4AB3A-FD80-4DFE-BF9B-AC845DCF2449} = {4AE4AB3A-FD80-4DFE-BF9B-AC845DCF2449}
		{7632696F-20FA-4DCF-8113-067858F99B3A} = {7632696F-20FA-4DCF-8113-067858F99B3A}
	EndProjectSection
EndProject
Project("{8BC9CEB8-8B4A-11D0-8D11-00A0C91BC942}") = "miniupnpc", "srclib\miniUPnPc\miniupnpc.vcxproj", "{CC763AB0-5EBF-4A3F-884D-F5E2D12E12F3}"
EndProject
Project("{8BC9CEB8-8B4A-11D0-8D11-00A0C91BC942}") = "ru_RU", "srchybrid\lang\ru_RU.vcxproj", "{4AE4AB3A-FD80-4DFE-BF9B-AC845DCF2449}"
EndProject
Project("{8BC9CEB8-8B4A-11D0-8D11-00A0C91BC942}") = "sct", "srclib\sct\sct.vcxproj", "{99B93B06-6444-4D15-8B70-760CEEF2B896}"
	ProjectSection(ProjectDependencies) = postProject
		{7632696F-20FA-4DCF-8113-067858F99B3A} = {7632696F-20FA-4DCF-8113-067858F99B3A}
	EndProjectSection
EndProject
Project("{8BC9CEB8-8B4A-11D0-8D11-00A0C91BC942}") = "xcatalog_app", "xcatalog\xcatalog_app.vcxproj", "{AAAF25BF-2B9B-3AD5-8114-A64FFF65D6E3}"
EndProject
Project("{8BC9CEB8-8B4A-11D0-8D11-00A0C91BC942}") = "xcatalog_dll", "xcatalog\xcatalog_dll.vcxproj", "{CBA6BA2C-DA18-32F3-A645-B83B20AD9DBF}"
EndProject
Project("{8BC9CEB8-8B4A-11D0-8D11-00A0C91BC942}") = "CrashRpt", "srclib\crashrpt\CrashRpt.vcxproj", "{9BE99719-AA32-4463-A011-B61D55F020D6}"
EndProject
Project("{8BC9CEB8-8B4A-11D0-8D11-00A0C91BC942}") = "CrashSender", "crashsender\CrashSender.vcxproj", "{939312D6-690A-4103-92C5-4D89025BF10A}"
	ProjectSection(ProjectDependencies) = postProject
		{C610F50E-1013-46F0-AE20-4E918654B40F} = {C610F50E-1013-46F0-AE20-4E918654B40F}
		{B437B84A-B4B0-4389-BF5B-7E25FD9DCF3D} = {B437B84A-B4B0-4389-BF5B-7E25FD9DCF3D}
		{B24456BF-555A-4D66-A01D-C8C6EA3243C6} = {B24456BF-555A-4D66-A01D-C8C6EA3243C6}
	EndProjectSection
EndProject
Project("{8BC9CEB8-8B4A-11D0-8D11-00A0C91BC942}") = "jpeg", "srclib\jpeg\jpeg.vcxproj", "{B66D88D0-B44F-4B96-AF3C-8F14EFA835D6}"
EndProject
Project("{8BC9CEB8-8B4A-11D0-8D11-00A0C91BC942}") = "minizip", "srclib\minizip\minizip.vcxproj", "{C610F50E-1013-46F0-AE20-4E918654B40F}"
EndProject
Project("{8BC9CEB8-8B4A-11D0-8D11-00A0C91BC942}") = "libcurl", "srclib\curl\lib\libcurl.vcxproj", "{87EE9DA4-DE1E-4448-8324-183C98DCA588}"
	ProjectSection(ProjectDependencies) = postProject
		{0F8DCF94-305E-4655-AFBD-80FF4CF86316} = {0F8DCF94-305E-4655-AFBD-80FF4CF86316}
	EndProjectSection
EndProject
Project("{8BC9CEB8-8B4A-11D0-8D11-00A0C91BC942}") = "emhelper", "srclib\emhelper\emhelper.vcxproj", "{7632696F-20FA-4DCF-8113-067858F99B3A}"
	ProjectSection(ProjectDependencies) = postProject
		{87EE9DA4-DE1E-4448-8324-183C98DCA588} = {87EE9DA4-DE1E-4448-8324-183C98DCA588}
	EndProjectSection
EndProject
Project("{2150E333-8FDC-42A3-9474-1A3956D46DE8}") = "3rdparty", "3rdparty", "{BD8A64D3-8703-4BDE-A030-2E0277F7FCD6}"
EndProject
Project("{8BC9CEB8-8B4A-11D0-8D11-00A0C91BC942}") = "launcher", "launcher\launcher.vcxproj", "{2484A3B5-7F2D-415C-96AB-C296E3E64521}"
EndProject
Global
	GlobalSection(SolutionConfigurationPlatforms) = preSolution
		Debug|Win32 = Debug|Win32
		Release|Win32 = Release|Win32
	EndGlobalSection
	GlobalSection(ProjectConfigurationPlatforms) = postSolution
		{0F8DCF94-305E-4655-AFBD-80FF4CF86316}.Debug|Win32.ActiveCfg = Debug|Win32
		{0F8DCF94-305E-4655-AFBD-80FF4CF86316}.Debug|Win32.Build.0 = Debug|Win32
		{0F8DCF94-305E-4655-AFBD-80FF4CF86316}.Release|Win32.ActiveCfg = Release|Win32
		{0F8DCF94-305E-4655-AFBD-80FF4CF86316}.Release|Win32.Build.0 = Release|Win32
		{FF653B9E-8FF0-4035-8283-88529EA0F0CD}.Debug|Win32.ActiveCfg = Debug|Win32
		{FF653B9E-8FF0-4035-8283-88529EA0F0CD}.Debug|Win32.Build.0 = Debug|Win32
		{FF653B9E-8FF0-4035-8283-88529EA0F0CD}.Release|Win32.ActiveCfg = Release|Win32
		{FF653B9E-8FF0-4035-8283-88529EA0F0CD}.Release|Win32.Build.0 = Release|Win32
		{3423EC9A-52E4-4A4D-9753-EDEBC38785EF}.Debug|Win32.ActiveCfg = Debug|Win32
		{3423EC9A-52E4-4A4D-9753-EDEBC38785EF}.Debug|Win32.Build.0 = Debug|Win32
		{3423EC9A-52E4-4A4D-9753-EDEBC38785EF}.Release|Win32.ActiveCfg = Release|Win32
		{3423EC9A-52E4-4A4D-9753-EDEBC38785EF}.Release|Win32.Build.0 = Release|Win32
		{18E0A60D-3346-431A-B24D-304A002E88A4}.Debug|Win32.ActiveCfg = Debug|Win32
		{18E0A60D-3346-431A-B24D-304A002E88A4}.Debug|Win32.Build.0 = Debug|Win32
		{18E0A60D-3346-431A-B24D-304A002E88A4}.Release|Win32.ActiveCfg = Release|Win32
		{18E0A60D-3346-431A-B24D-304A002E88A4}.Release|Win32.Build.0 = Release|Win32
		{B24456BF-555A-4D66-A01D-C8C6EA3243C6}.Debug|Win32.ActiveCfg = Debug|Win32
		{B24456BF-555A-4D66-A01D-C8C6EA3243C6}.Debug|Win32.Build.0 = Debug|Win32
		{B24456BF-555A-4D66-A01D-C8C6EA3243C6}.Release|Win32.ActiveCfg = Release|Win32
		{B24456BF-555A-4D66-A01D-C8C6EA3243C6}.Release|Win32.Build.0 = Release|Win32
		{4AACBF8D-B90F-41AD-A5BE-D5E557C668E3}.Debug|Win32.ActiveCfg = Debug|Win32
		{4AACBF8D-B90F-41AD-A5BE-D5E557C668E3}.Debug|Win32.Build.0 = Debug|Win32
		{4AACBF8D-B90F-41AD-A5BE-D5E557C668E3}.Release|Win32.ActiveCfg = Release|Win32
		{4AACBF8D-B90F-41AD-A5BE-D5E557C668E3}.Release|Win32.Build.0 = Release|Win32
		{B437B84A-B4B0-4389-BF5B-7E25FD9DCF3D}.Debug|Win32.ActiveCfg = Debug|Win32
		{B437B84A-B4B0-4389-BF5B-7E25FD9DCF3D}.Debug|Win32.Build.0 = Debug|Win32
		{B437B84A-B4B0-4389-BF5B-7E25FD9DCF3D}.Release|Win32.ActiveCfg = Release|Win32
		{B437B84A-B4B0-4389-BF5B-7E25FD9DCF3D}.Release|Win32.Build.0 = Release|Win32
		{584EA69D-3443-4197-8994-364880FC1B9B}.Debug|Win32.ActiveCfg = Debug|Win32
		{584EA69D-3443-4197-8994-364880FC1B9B}.Debug|Win32.Build.0 = Debug|Win32
		{584EA69D-3443-4197-8994-364880FC1B9B}.Release|Win32.ActiveCfg = Release|Win32
		{584EA69D-3443-4197-8994-364880FC1B9B}.Release|Win32.Build.0 = Release|Win32
		{CC763AB0-5EBF-4A3F-884D-F5E2D12E12F3}.Debug|Win32.ActiveCfg = Debug|Win32
		{CC763AB0-5EBF-4A3F-884D-F5E2D12E12F3}.Debug|Win32.Build.0 = Debug|Win32
		{CC763AB0-5EBF-4A3F-884D-F5E2D12E12F3}.Release|Win32.ActiveCfg = Release|Win32
		{CC763AB0-5EBF-4A3F-884D-F5E2D12E12F3}.Release|Win32.Build.0 = Release|Win32
		{4AE4AB3A-FD80-4DFE-BF9B-AC845DCF2449}.Debug|Win32.ActiveCfg = Debug|Win32
		{4AE4AB3A-FD80-4DFE-BF9B-AC845DCF2449}.Debug|Win32.Build.0 = Debug|Win32
		{4AE4AB3A-FD80-4DFE-BF9B-AC845DCF2449}.Release|Win32.ActiveCfg = Release|Win32
		{4AE4AB3A-FD80-4DFE-BF9B-AC845DCF2449}.Release|Win32.Build.0 = Release|Win32
		{99B93B06-6444-4D15-8B70-760CEEF2B896}.Debug|Win32.ActiveCfg = Debug|Win32
		{99B93B06-6444-4D15-8B70-760CEEF2B896}.Debug|Win32.Build.0 = Debug|Win32
		{99B93B06-6444-4D15-8B70-760CEEF2B896}.Release|Win32.ActiveCfg = Release|Win32
		{99B93B06-6444-4D15-8B70-760CEEF2B896}.Release|Win32.Build.0 = Release|Win32
		{AAAF25BF-2B9B-3AD5-8114-A64FFF65D6E3}.Debug|Win32.ActiveCfg = Debug|Win32
		{AAAF25BF-2B9B-3AD5-8114-A64FFF65D6E3}.Debug|Win32.Build.0 = Debug|Win32
		{AAAF25BF-2B9B-3AD5-8114-A64FFF65D6E3}.Release|Win32.ActiveCfg = Release|Win32
		{AAAF25BF-2B9B-3AD5-8114-A64FFF65D6E3}.Release|Win32.Build.0 = Release|Win32
		{CBA6BA2C-DA18-32F3-A645-B83B20AD9DBF}.Debug|Win32.ActiveCfg = Debug|Win32
		{CBA6BA2C-DA18-32F3-A645-B83B20AD9DBF}.Debug|Win32.Build.0 = Debug|Win32
		{CBA6BA2C-DA18-32F3-A645-B83B20AD9DBF}.Release|Win32.ActiveCfg = Release|Win32
		{CBA6BA2C-DA18-32F3-A645-B83B20AD9DBF}.Release|Win32.Build.0 = Release|Win32
		{9BE99719-AA32-4463-A011-B61D55F020D6}.Debug|Win32.ActiveCfg = Debug|Win32
		{9BE99719-AA32-4463-A011-B61D55F020D6}.Debug|Win32.Build.0 = Debug|Win32
		{9BE99719-AA32-4463-A011-B61D55F020D6}.Release|Win32.ActiveCfg = Release|Win32
		{9BE99719-AA32-4463-A011-B61D55F020D6}.Release|Win32.Build.0 = Release|Win32
		{939312D6-690A-4103-92C5-4D89025BF10A}.Debug|Win32.ActiveCfg = Debug|Win32
		{939312D6-690A-4103-92C5-4D89025BF10A}.Debug|Win32.Build.0 = Debug|Win32
		{939312D6-690A-4103-92C5-4D89025BF10A}.Release|Win32.ActiveCfg = Release|Win32
		{939312D6-690A-4103-92C5-4D89025BF10A}.Release|Win32.Build.0 = Release|Win32
		{B66D88D0-B44F-4B96-AF3C-8F14EFA835D6}.Debug|Win32.ActiveCfg = Debug|Win32
		{B66D88D0-B44F-4B96-AF3C-8F14EFA835D6}.Debug|Win32.Build.0 = Debug|Win32
		{B66D88D0-B44F-4B96-AF3C-8F14EFA835D6}.Release|Win32.ActiveCfg = Release|Win32
		{B66D88D0-B44F-4B96-AF3C-8F14EFA835D6}.Release|Win32.Build.0 = Release|Win32
		{C610F50E-1013-46F0-AE20-4E918654B40F}.Debug|Win32.ActiveCfg = Debug|Win32
		{C610F50E-1013-46F0-AE20-4E918654B40F}.Debug|Win32.Build.0 = Debug|Win32
		{C610F50E-1013-46F0-AE20-4E918654B40F}.Release|Win32.ActiveCfg = Release|Win32
		{C610F50E-1013-46F0-AE20-4E918654B40F}.Release|Win32.Build.0 = Release|Win32
		{87EE9DA4-DE1E-4448-8324-183C98DCA588}.Debug|Win32.ActiveCfg = Debug|Win32
		{87EE9DA4-DE1E-4448-8324-183C98DCA588}.Debug|Win32.Build.0 = Debug|Win32
		{87EE9DA4-DE1E-4448-8324-183C98DCA588}.Release|Win32.ActiveCfg = Release|Win32
		{87EE9DA4-DE1E-4448-8324-183C98DCA588}.Release|Win32.Build.0 = Release|Win32
		{7632696F-20FA-4DCF-8113-067858F99B3A}.Debug|Win32.ActiveCfg = Debug|Win32
		{7632696F-20FA-4DCF-8113-067858F99B3A}.Debug|Win32.Build.0 = Debug|Win32
		{7632696F-20FA-4DCF-8113-067858F99B3A}.Release|Win32.ActiveCfg = Release|Win32
		{7632696F-20FA-4DCF-8113-067858F99B3A}.Release|Win32.Build.0 = Release|Win32
		{2484A3B5-7F2D-415C-96AB-C296E3E64521}.Debug|Win32.ActiveCfg = Debug|Win32
		{2484A3B5-7F2D-415C-96AB-C296E3E64521}.Debug|Win32.Build.0 = Debug|Win32
		{2484A3B5-7F2D-415C-96AB-C296E3E64521}.Release|Win32.ActiveCfg = Release|Win32
		{2484A3B5-7F2D-415C-96AB-C296E3E64521}.Release|Win32.Build.0 = Release|Win32
	EndGlobalSection
	GlobalSection(SolutionProperties) = preSolution
		HideSolutionNode = FALSE
	EndGlobalSection
	GlobalSection(NestedProjects) = preSolution
		{FF653B9E-8FF0-4035-8283-88529EA0F0CD} = {BD8A64D3-8703-4BDE-A030-2E0277F7FCD6}
		{3423EC9A-52E4-4A4D-9753-EDEBC38785EF} = {BD8A64D3-8703-4BDE-A030-2E0277F7FCD6}
		{18E0A60D-3346-431A-B24D-304A002E88A4} = {BD8A64D3-8703-4BDE-A030-2E0277F7FCD6}
		{B24456BF-555A-4D66-A01D-C8C6EA3243C6} = {BD8A64D3-8703-4BDE-A030-2E0277F7FCD6}
		{4AACBF8D-B90F-41AD-A5BE-D5E557C668E3} = {BD8A64D3-8703-4BDE-A030-2E0277F7FCD6}
		{B437B84A-B4B0-4389-BF5B-7E25FD9DCF3D} = {BD8A64D3-8703-4BDE-A030-2E0277F7FCD6}
		{CC763AB0-5EBF-4A3F-884D-F5E2D12E12F3} = {BD8A64D3-8703-4BDE-A030-2E0277F7FCD6}
		{9BE99719-AA32-4463-A011-B61D55F020D6} = {BD8A64D3-8703-4BDE-A030-2E0277F7FCD6}
		{939312D6-690A-4103-92C5-4D89025BF10A} = {BD8A64D3-8703-4BDE-A030-2E0277F7FCD6}
		{B66D88D0-B44F-4B96-AF3C-8F14EFA835D6} = {BD8A64D3-8703-4BDE-A030-2E0277F7FCD6}
		{C610F50E-1013-46F0-AE20-4E918654B40F} = {BD8A64D3-8703-4BDE-A030-2E0277F7FCD6}
		{87EE9DA4-DE1E-4448-8324-183C98DCA588} = {BD8A64D3-8703-4BDE-A030-2E0277F7FCD6}
		{0F8DCF94-305E-4655-AFBD-80FF4CF86316} = {BD8A64D3-8703-4BDE-A030-2E0277F7FCD6}
	EndGlobalSection
EndGlobal
